
Microsoft Visual Studio Solution File, Format Version 11.00
# Visual Studio 2010
Project("{FAE04EC0-301F-11D3-BF4B-00C04F79EFBC}") = "Assembly-CSharp", "Assembly-CSharp.csproj", "{7bb042ae-3cfb-b1c0-e4bf-196bd7ffb22e}"
EndProject
Project("{FAE04EC0-301F-11D3-BF4B-00C04F79EFBC}") = "Assembly-CSharp-Editor", "Assembly-CSharp-Editor.csproj", "{f7efbfa3-c842-347e-f5b2-b05462830817}"
EndProject
Global
	GlobalSection(SolutionConfigurationPlatforms) = preSolution
		Debug|Any CPU = Debug|Any CPU
		Release|Any CPU = Release|Any CPU
	EndGlobalSection
	GlobalSection(ProjectConfigurationPlatforms) = postSolution
		{7bb042ae-3cfb-b1c0-e4bf-196bd7ffb22e}.Debug|Any CPU.ActiveCfg = Debug|Any CPU
		{7bb042ae-3cfb-b1c0-e4bf-196bd7ffb22e}.Debug|Any CPU.Build.0 = Debug|Any CPU
		{7bb042ae-3cfb-b1c0-e4bf-196bd7ffb22e}.Release|Any CPU.ActiveCfg = Release|Any CPU
		{7bb042ae-3cfb-b1c0-e4bf-196bd7ffb22e}.Release|Any CPU.Build.0 = Release|Any CPU
		{f7efbfa3-c842-347e-f5b2-b05462830817}.Debug|Any CPU.ActiveCfg = Debug|Any CPU
		{f7efbfa3-c842-347e-f5b2-b05462830817}.Debug|Any CPU.Build.0 = Debug|Any CPU
		{f7efbfa3-c842-347e-f5b2-b05462830817}.Release|Any CPU.ActiveCfg = Release|Any CPU
		{f7efbfa3-c842-347e-f5b2-b05462830817}.Release|Any CPU.Build.0 = Release|Any CPU
	EndGlobalSection
	GlobalSection(SolutionProperties) = preSolution
		HideSolutionNode = FALSE
	EndGlobalSection
EndGlobal
